PODS:
  - Flurry-iOS-SDK/FlurryConfig (9.3.1):
    - Flurry-iOS-SDK/FlurrySDK
  - Flurry-iOS-SDK/FlurrySDK (9.3.1)

DEPENDENCIES:
  - Flurry-iOS-SDK/FlurryConfig
  - Flurry-iOS-SDK/FlurrySDK

SPEC REPOS:
  https://github.com/cocoapods/specs.git:
    - Flurry-iOS-SDK

SPEC CHECKSUMS:
  Flurry-iOS-SDK: 5d782d740c5e95389c327d38245b3db4bb471fd7

PODFILE CHECKSUM: b5e45704d4f865a36c9beeb6e4680368167659ab

COCOAPODS: 1.7.5
